
Microsoft Visual Studio Solution File, Format Version 12.00
# Visual Studio Version 16
VisualStudioVersion = 16.0.31005.135
MinimumVisualStudioVersion = 10.0.40219.1
Project("{FAE04EC0-301F-11D3-BF4B-00C04F79EFBC}") = "developDatabase", "developDatabase.csproj", "{EBBEB5CF-1CA3-404F-8859-69B1FB401453}"
EndProject
Global
	GlobalSection(SolutionConfigurationPlatforms) = preSolution
		Debug|Any CPU = Debug|Any CPU
		Release|Any CPU = Release|Any CPU
	EndGlobalSection
	GlobalSection(ProjectConfigurationPlatforms) = postSolution
		{EBBEB5CF-1CA3-404F-8859-69B1FB401453}.Debug|Any CPU.ActiveCfg = Debug|Any CPU
		{EBBEB5CF-1CA3-404F-8859-69B1FB401453}.Debug|Any CPU.Build.0 = Debug|Any CPU
		{EBBEB5CF-1CA3-404F-8859-69B1FB401453}.Release|Any CPU.ActiveCfg = Release|Any CPU
		{EBBEB5CF-1CA3-404F-8859-69B1FB401453}.Release|Any CPU.Build.0 = Release|Any CPU
	EndGlobalSection
	GlobalSection(SolutionProperties) = preSolution
		HideSolutionNode = FALSE
	EndGlobalSection
	GlobalSection(ExtensibilityGlobals) = postSolution
		SolutionGuid = {61CC51BC-FF6B-4892-8B0E-F02D755511B8}
	EndGlobalSection
EndGlobal
